
Microsoft Visual Studio Solution File, Format Version 12.00
# Visual Studio Version 17
VisualStudioVersion = 17.0.31903.59
MinimumVisualStudioVersion = 10.0.40219.1
Project("{2150E333-8FDC-42A3-9474-1A3956D46DE8}") = "src", "src", "{C232923F-082A-4C72-B58A-E3B4C28FD5F0}"
EndProject
Project("{FAE04EC0-301F-11D3-BF4B-00C04F79EFBC}") = "Web.API", "src\Web.API\Web.API.csproj", "{9435A12E-B4C9-4636-96BD-96F3D3DF0D6A}"
EndProject
Project("{FAE04EC0-301F-11D3-BF4B-00C04F79EFBC}") = "Aplication", "src\Aplication\Aplication.csproj", "{69A3D5E2-2358-4AC0-8134-D5751A63051C}"
EndProject
Project("{FAE04EC0-301F-11D3-BF4B-00C04F79EFBC}") = "Infrastructure", "src\Infrastructure\Infrastructure.csproj", "{5B082E95-D671-402C-87F3-6EDD86E8C120}"
EndProject
Project("{FAE04EC0-301F-11D3-BF4B-00C04F79EFBC}") = "Domain", "src\Domain\Domain.csproj", "{6DC06B93-800E-474D-8688-05195A122A9F}"
EndProject
Global
	GlobalSection(SolutionConfigurationPlatforms) = preSolution
		Debug|Any CPU = Debug|Any CPU
		Release|Any CPU = Release|Any CPU
	EndGlobalSection
	GlobalSection(SolutionProperties) = preSolution
		HideSolutionNode = FALSE
	EndGlobalSection
	GlobalSection(ProjectConfigurationPlatforms) = postSolution
		{9435A12E-B4C9-4636-96BD-96F3D3DF0D6A}.Debug|Any CPU.ActiveCfg = Debug|Any CPU
		{9435A12E-B4C9-4636-96BD-96F3D3DF0D6A}.Debug|Any CPU.Build.0 = Debug|Any CPU
		{9435A12E-B4C9-4636-96BD-96F3D3DF0D6A}.Release|Any CPU.ActiveCfg = Release|Any CPU
		{9435A12E-B4C9-4636-96BD-96F3D3DF0D6A}.Release|Any CPU.Build.0 = Release|Any CPU
		{69A3D5E2-2358-4AC0-8134-D5751A63051C}.Debug|Any CPU.ActiveCfg = Debug|Any CPU
		{69A3D5E2-2358-4AC0-8134-D5751A63051C}.Debug|Any CPU.Build.0 = Debug|Any CPU
		{69A3D5E2-2358-4AC0-8134-D5751A63051C}.Release|Any CPU.ActiveCfg = Release|Any CPU
		{69A3D5E2-2358-4AC0-8134-D5751A63051C}.Release|Any CPU.Build.0 = Release|Any CPU
		{5B082E95-D671-402C-87F3-6EDD86E8C120}.Debug|Any CPU.ActiveCfg = Debug|Any CPU
		{5B082E95-D671-402C-87F3-6EDD86E8C120}.Debug|Any CPU.Build.0 = Debug|Any CPU
		{5B082E95-D671-402C-87F3-6EDD86E8C120}.Release|Any CPU.ActiveCfg = Release|Any CPU
		{5B082E95-D671-402C-87F3-6EDD86E8C120}.Release|Any CPU.Build.0 = Release|Any CPU
		{6DC06B93-800E-474D-8688-05195A122A9F}.Debug|Any CPU.ActiveCfg = Debug|Any CPU
		{6DC06B93-800E-474D-8688-05195A122A9F}.Debug|Any CPU.Build.0 = Debug|Any CPU
		{6DC06B93-800E-474D-8688-05195A122A9F}.Release|Any CPU.ActiveCfg = Release|Any CPU
		{6DC06B93-800E-474D-8688-05195A122A9F}.Release|Any CPU.Build.0 = Release|Any CPU
	EndGlobalSection
	GlobalSection(NestedProjects) = preSolution
		{9435A12E-B4C9-4636-96BD-96F3D3DF0D6A} = {C232923F-082A-4C72-B58A-E3B4C28FD5F0}
		{69A3D5E2-2358-4AC0-8134-D5751A63051C} = {C232923F-082A-4C72-B58A-E3B4C28FD5F0}
		{5B082E95-D671-402C-87F3-6EDD86E8C120} = {C232923F-082A-4C72-B58A-E3B4C28FD5F0}
		{6DC06B93-800E-474D-8688-05195A122A9F} = {C232923F-082A-4C72-B58A-E3B4C28FD5F0}
	EndGlobalSection
EndGlobal
